// !$*UTF8*$!
{
	archiveVersion = 1;
	classes = {
	};
	objectVersion = 56;
	objects = {

/* Begin PBXBuildFile section */
		1B500EA72C8BB1A100423C1E /* DetailImageViewController.swift in Sources */ = {isa = PBXBuildFile; fileRef = 1B500EA62C8BB1A100423C1E /* DetailImageViewController.swift */; };
		1BCDA3612C8A8AFE00F37725 /* AppDelegate.swift in Sources */ = {isa = PBXBuildFile; fileRef = 1BCDA3602C8A8AFE00F37725 /* AppDelegate.swift */; };
		1BCDA3632C8A8AFE00F37725 /* SceneDelegate.swift in Sources */ = {isa = PBXBuildFile; fileRef = 1BCDA3622C8A8AFE00F37725 /* SceneDelegate.swift */; };
		1BCDA3652C8A8AFE00F37725 /* ViewController.swift in Sources */ = {isa = PBXBuildFile; fileRef = 1BCDA3642C8A8AFE00F37725 /* ViewController.swift */; };
		1BCDA3682C8A8AFE00F37725 /* Base in Resources */ = {isa = PBXBuildFile; fileRef = 1BCDA3672C8A8AFE00F37725 /* Base */; };
		1BCDA36A2C8A8AFF00F37725 /* Assets.xcassets in Resources */ = {isa = PBXBuildFile; fileRef = 1BCDA3692C8A8AFF00F37725 /* Assets.xcassets */; };
		1BCDA36D2C8A8AFF00F37725 /* Base in Resources */ = {isa = PBXBuildFile; fileRef = 1BCDA36C2C8A8AFF00F37725 /* Base */; };
		1BCDA3752C8A8E2600F37725 /* FileModel.swift in Sources */ = {isa = PBXBuildFile; fileRef = 1BCDA3742C8A8E2600F37725 /* FileModel.swift */; };
/* End PBXBuildFile section */

/* Begin PBXFileReference section */
		1B500EA62C8BB1A100423C1E /* DetailImageViewController.swift */ = {isa = PBXFileReference; lastKnownFileType = sourcecode.swift; path = DetailImageViewController.swift; sourceTree = "<group>"; };
		1BCDA35D2C8A8AFE00F37725 /* Project-10-12-milestone-challenge.app */ = {isa = PBXFileReference; explicitFileType = wrapper.application; includeInIndex = 0; path = "Project-10-12-milestone-challenge.app"; sourceTree = BUILT_PRODUCTS_DIR; };
		1BCDA3602C8A8AFE00F37725 /* AppDelegate.swift */ = {isa = PBXFileReference; lastKnownFileType = sourcecode.swift; path = AppDelegate.swift; sourceTree = "<group>"; };
		1BCDA3622C8A8AFE00F37725 /* SceneDelegate.swift */ = {isa = PBXFileReference; lastKnownFileType = sourcecode.swift; path = SceneDelegate.swift; sourceTree = "<group>"; };
		1BCDA3642C8A8AFE00F37725 /* ViewController.swift */ = {isa = PBXFileReference; lastKnownFileType = sourcecode.swift; path = ViewController.swift; sourceTree = "<group>"; };
		1BCDA3672C8A8AFE00F37725 /* Base */ = {isa = PBXFileReference; lastKnownFileType = file.storyboard; name = Base; path = Base.lproj/Main.storyboard; sourceTree = "<group>"; };
		1BCDA3692C8A8AFF00F37725 /* Assets.xcassets */ = {isa = PBXFileReference; lastKnownFileType = folder.assetcatalog; path = Assets.xcassets; sourceTree = "<group>"; };
		1BCDA36C2C8A8AFF00F37725 /* Base */ = {isa = PBXFileReference; lastKnownFileType = file.storyboard; name = Base; path = Base.lproj/LaunchScreen.storyboard; sourceTree = "<group>"; };
		1BCDA36E2C8A8AFF00F37725 /* Info.plist */ = {isa = PBXFileReference; lastKnownFileType = text.plist.xml; path = Info.plist; sourceTree = "<group>"; };
		1BCDA3742C8A8E2600F37725 /* FileModel.swift */ = {isa = PBXFileReference; lastKnownFileType = sourcecode.swift; path = FileModel.swift; sourceTree = "<group>"; };
/* End PBXFileReference section */

/* Begin PBXFrameworksBuildPhase section */
		1BCDA35A2C8A8AFE00F37725 /* Frameworks */ = {
			isa = PBXFrameworksBuildPhase;
			buildActionMask = 2147483647;
			files = (
			);
			runOnlyForDeploymentPostprocessing = 0;
		};
/* End PBXFrameworksBuildPhase section */

/* Begin PBXGroup section */
		1BCDA3542C8A8AFE00F37725 = {
			isa = PBXGroup;
			children = (
				1BCDA35F2C8A8AFE00F37725 /* Project-10-12-milestone-challenge */,
				1BCDA35E2C8A8AFE00F37725 /* Products */,
			);
			sourceTree = "<group>";
		};
		1BCDA35E2C8A8AFE00F37725 /* Products */ = {
			isa = PBXGroup;
			children = (
				1BCDA35D2C8A8AFE00F37725 /* Project-10-12-milestone-challenge.app */,
			);
			name = Products;
			sourceTree = "<group>";
		};
		1BCDA35F2C8A8AFE00F37725 /* Project-10-12-milestone-challenge */ = {
			isa = PBXGroup;
			children = (
				1BCDA3602C8A8AFE00F37725 /* AppDelegate.swift */,
				1BCDA3622C8A8AFE00F37725 /* SceneDelegate.swift */,
				1BCDA3642C8A8AFE00F37725 /* ViewController.swift */,
				1BCDA3742C8A8E2600F37725 /* FileModel.swift */,
				1BCDA3662C8A8AFE00F37725 /* Main.storyboard */,
				1BCDA3692C8A8AFF00F37725 /* Assets.xcassets */,
				1BCDA36B2C8A8AFF00F37725 /* LaunchScreen.storyboard */,
				1BCDA36E2C8A8AFF00F37725 /* Info.plist */,
				1B500EA62C8BB1A100423C1E /* DetailImageViewController.swift */,
			);
			path = "Project-10-12-milestone-challenge";
			sourceTree = "<group>";
		};
/* End PBXGroup section */

/* Begin PBXNativeTarget section */
		1BCDA35C2C8A8AFE00F37725 /* Project-10-12-milestone-challenge */ = {
			isa = PBXNativeTarget;
			buildConfigurationList = 1BCDA3712C8A8AFF00F37725 /* Build configuration list for PBXNativeTarget "Project-10-12-milestone-challenge" */;
			buildPhases = (
				1BCDA3592C8A8AFE00F37725 /* Sources */,
				1BCDA35A2C8A8AFE00F37725 /* Frameworks */,
				1BCDA35B2C8A8AFE00F37725 /* Resources */,
			);
			buildRules = (
			);
			dependencies = (
			);
			name = "Project-10-12-milestone-challenge";
			productName = "Project-10-12-milestone-challenge";
			productReference = 1BCDA35D2C8A8AFE00F37725 /* Project-10-12-milestone-challenge.app */;
			productType = "com.apple.product-type.application";
		};
/* End PBXNativeTarget section */

/* Begin PBXProject section */
		1BCDA3552C8A8AFE00F37725 /* Project object */ = {
			isa = PBXProject;
			attributes = {
				BuildIndependentTargetsInParallel = 1;
				LastSwiftUpdateCheck = 1540;
				LastUpgradeCheck = 1540;
				TargetAttributes = {
					1BCDA35C2C8A8AFE00F37725 = {
						CreatedOnToolsVersion = 15.4;
					};
				};
			};
			buildConfigurationList = 1BCDA3582C8A8AFE00F37725 /* Build configuration list for PBXProject "Project-10-12-milestone-challenge" */;
			compatibilityVersion = "Xcode 14.0";
			developmentRegion = en;
			hasScannedForEncodings = 0;
			knownRegions = (
				en,
				Base,
			);
			mainGroup = 1BCDA3542C8A8AFE00F37725;
			productRefGroup = 1BCDA35E2C8A8AFE00F37725 /* Products */;
			projectDirPath = "";
			projectRoot = "";
			targets = (
				1BCDA35C2C8A8AFE00F37725 /* Project-10-12-milestone-challenge */,
			);
		};
/* End PBXProject section */

/* Begin PBXResourcesBuildPhase section */
		1BCDA35B2C8A8AFE00F37725 /* Resources */ = {
			isa = PBXResourcesBuildPhase;
			buildActionMask = 2147483647;
			files = (
				1BCDA36A2C8A8AFF00F37725 /* Assets.xcassets in Resources */,
				1BCDA36D2C8A8AFF00F37725 /* Base in Resources */,
				1BCDA3682C8A8AFE00F37725 /* Base in Resources */,
			);
			runOnlyForDeploymentPostprocessing = 0;
		};
/* End PBXResourcesBuildPhase section */

/* Begin PBXSourcesBuildPhase section */
		1BCDA3592C8A8AFE00F37725 /* Sources */ = {
			isa = PBXSourcesBuildPhase;
			buildActionMask = 2147483647;
			files = (
				1BCDA3652C8A8AFE00F37725 /* ViewController.swift in Sources */,
				1BCDA3612C8A8AFE00F37725 /* AppDelegate.swift in Sources */,
				1BCDA3632C8A8AFE00F37725 /* SceneDelegate.swift in Sources */,
				1BCDA3752C8A8E2600F37725 /* FileModel.swift in Sources */,
				1B500EA72C8BB1A100423C1E /* DetailImageViewController.swift in Sources */,
			);
			runOnlyForDeploymentPostprocessing = 0;
		};
/* End PBXSourcesBuildPhase section */

/* Begin PBXVariantGroup section */
		1BCDA3662C8A8AFE00F37725 /* Main.storyboard */ = {
			isa = PBXVariantGroup;
			children = (
				1BCDA3672C8A8AFE00F37725 /* Base */,
			);
			name = Main.storyboard;
			sourceTree = "<group>";
		};
		1BCDA36B2C8A8AFF00F37725 /* LaunchScreen.storyboard */ = {
			isa = PBXVariantGroup;
			children = (
				1BCDA36C2C8A8AFF00F37725 /* Base */,
			);
			name = LaunchScreen.storyboard;
			sourceTree = "<group>";
		};
/* End PBXVariantGroup section */

/* Begin XCBuildConfiguration section */
		1BCDA36F2C8A8AFF00F37725 /* Debug */ = {
			isa = XCBuildConfiguration;
			buildSettings = {
				ALWAYS_SEARCH_USER_PATHS = NO;
				ASSETCATALOG_COMPILER_GENERATE_SWIFT_ASSET_SYMBOL_EXTENSIONS = YES;
				CLANG_ANALYZER_NONNULL = YES;
				CLANG_ANALYZER_NUMBER_OBJECT_CONVERSION = YES_AGGRESSIVE;
				CLANG_CXX_LANGUAGE_STANDARD = "gnu++20";
				CLANG_ENABLE_MODULES = YES;
				CLANG_ENABLE_OBJC_ARC = YES;
				CLANG_ENABLE_OBJC_WEAK = YES;
				CLANG_WARN_BLOCK_CAPTURE_AUTORELEASING = YES;
				CLANG_WARN_BOOL_CONVERSION = YES;
				CLANG_WARN_COMMA = YES;
				CLANG_WARN_CONSTANT_CONVERSION = YES;
				CLANG_WARN_DEPRECATED_OBJC_IMPLEMENTATIONS = YES;
				CLANG_WARN_DIRECT_OBJC_ISA_USAGE = YES_ERROR;
				CLANG_WARN_DOCUMENTATION_COMMENTS = YES;
				CLANG_WARN_EMPTY_BODY = YES;
				CLANG_WARN_ENUM_CONVERSION = YES;
				CLANG_WARN_INFINITE_RECURSION = YES;
				CLANG_WARN_INT_CONVERSION = YES;
				CLANG_WARN_NON_LITERAL_NULL_CONVERSION = YES;
				CLANG_WARN_OBJC_IMPLICIT_RETAIN_SELF = YES;
				CLANG_WARN_OBJC_LITERAL_CONVERSION = YES;
				CLANG_WARN_OBJC_ROOT_CLASS = YES_ERROR;
				CLANG_WARN_QUOTED_INCLUDE_IN_FRAMEWORK_HEADER = YES;
				CLANG_WARN_RANGE_LOOP_ANALYSIS = YES;
				CLANG_WARN_STRICT_PROTOTYPES = YES;
				CLANG_WARN_SUSPICIOUS_MOVE = YES;
				CLANG_WARN_UNGUARDED_AVAILABILITY = YES_AGGRESSIVE;
				CLANG_WARN_UNREACHABLE_CODE = YES;
				CLANG_WARN__DUPLICATE_METHOD_MATCH = YES;
				COPY_PHASE_STRIP = NO;
				DEBUG_INFORMATION_FORMAT = dwarf;
				ENABLE_STRICT_OBJC_MSGSEND = YES;
				ENABLE_TESTABILITY = YES;
				ENABLE_USER_SCRIPT_SANDBOXING = YES;
				GCC_C_LANGUAGE_STANDARD = gnu17;
				GCC_DYNAMIC_NO_PIC = NO;
				GCC_NO_COMMON_BLOCKS = YES;
				GCC_OPTIMIZATION_LEVEL = 0;
				GCC_PREPROCESSOR_DEFINITIONS = (
					"DEBUG=1",
					"$(inherited)",
				);
				GCC_WARN_64_TO_32_BIT_CONVERSION = YES;
				GCC_WARN_ABOUT_RETURN_TYPE = YES_ERROR;
				GCC_WARN_UNDECLARED_SELECTOR = YES;
				GCC_WARN_UNINITIALIZED_AUTOS = YES_AGGRESSIVE;
				GCC_WARN_UNUSED_FUNCTION = YES;
				GCC_WARN_UNUSED_VARIABLE = YES;
				IPHONEOS_DEPLOYMENT_TARGET = 17.5;
				LOCALIZATION_PREFERS_STRING_CATALOGS = YES;
				MTL_ENABLE_DEBUG_INFO = INCLUDE_SOURCE;
				MTL_FAST_MATH = YES;
				ONLY_ACTIVE_ARCH = YES;
				SDKROOT = iphoneos;
				SWIFT_ACTIVE_COMPILATION_CONDITIONS = "DEBUG $(inherited)";
				SWIFT_OPTIMIZATION_LEVEL = "-Onone";
			};
			name = Debug;
		};
		1BCDA3702C8A8AFF00F37725 /* Release */ = {
			isa = XCBuildConfiguration;
			buildSettings = {
				ALWAYS_SEARCH_USER_PATHS = NO;
				ASSETCATALOG_COMPILER_GENERATE_SWIFT_ASSET_SYMBOL_EXTENSIONS = YES;
				CLANG_ANALYZER_NONNULL = YES;
				CLANG_ANALYZER_NUMBER_OBJECT_CONVERSION = YES_AGGRESSIVE;
				CLANG_CXX_LANGUAGE_STANDARD = "gnu++20";
				CLANG_ENABLE_MODULES = YES;
				CLANG_ENABLE_OBJC_ARC = YES;
				CLANG_ENABLE_OBJC_WEAK = YES;
				CLANG_WARN_BLOCK_CAPTURE_AUTORELEASING = YES;
				CLANG_WARN_BOOL_CONVERSION = YES;
				CLANG_WARN_COMMA = YES;
				CLANG_WARN_CONSTANT_CONVERSION = YES;
				CLANG_WARN_DEPRECATED_OBJC_IMPLEMENTATIONS = YES;
				CLANG_WARN_DIRECT_OBJC_ISA_USAGE = YES_ERROR;
				CLANG_WARN_DOCUMENTATION_COMMENTS = YES;
				CLANG_WARN_EMPTY_BODY = YES;
				CLANG_WARN_ENUM_CONVERSION = YES;
				CLANG_WARN_INFINITE_RECURSION = YES;
				CLANG_WARN_INT_CONVERSION = YES;
				CLANG_WARN_NON_LITERAL_NULL_CONVERSION = YES;
				CLANG_WARN_OBJC_IMPLICIT_RETAIN_SELF = YES;
				CLANG_WARN_OBJC_LITERAL_CONVERSION = YES;
				CLANG_WARN_OBJC_ROOT_CLASS = YES_ERROR;
				CLANG_WARN_QUOTED_INCLUDE_IN_FRAMEWORK_HEADER = YES;
				CLANG_WARN_RANGE_LOOP_ANALYSIS = YES;
				CLANG_WARN_STRICT_PROTOTYPES = YES;
				CLANG_WARN_SUSPICIOUS_MOVE = YES;
				CLANG_WARN_UNGUARDED_AVAILABILITY = YES_AGGRESSIVE;
				CLANG_WARN_UNREACHABLE_CODE = YES;
				CLANG_WARN__DUPLICATE_METHOD_MATCH = YES;
				COPY_PHASE_STRIP = NO;
				DEBUG_INFORMATION_FORMAT = "dwarf-with-dsym";
				ENABLE_NS_ASSERTIONS = NO;
				ENABLE_STRICT_OBJC_MSGSEND = YES;
				ENABLE_USER_SCRIPT_SANDBOXING = YES;
				GCC_C_LANGUAGE_STANDARD = gnu17;
				GCC_NO_COMMON_BLOCKS = YES;
				GCC_WARN_64_TO_32_BIT_CONVERSION = YES;
				GCC_WARN_ABOUT_RETURN_TYPE = YES_ERROR;
				GCC_WARN_UNDECLARED_SELECTOR = YES;
				GCC_WARN_UNINITIALIZED_AUTOS = YES_AGGRESSIVE;
				GCC_WARN_UNUSED_FUNCTION = YES;
				GCC_WARN_UNUSED_VARIABLE = YES;
				IPHONEOS_DEPLOYMENT_TARGET = 17.5;
				LOCALIZATION_PREFERS_STRING_CATALOGS = YES;
				MTL_ENABLE_DEBUG_INFO = NO;
				MTL_FAST_MATH = YES;
				SDKROOT = iphoneos;
				SWIFT_COMPILATION_MODE = wholemodule;
				VALIDATE_PRODUCT = YES;
			};
			name = Release;
		};
		1BCDA3722C8A8AFF00F37725 /* Debug */ = {
			isa = XCBuildConfiguration;
			buildSettings = {
				ASSETCATALOG_COMPILER_APPICON_NAME = AppIcon;
				ASSETCATALOG_COMPILER_GLOBAL_ACCENT_COLOR_NAME = AccentColor;
				CODE_SIGN_STYLE = Automatic;
				CURRENT_PROJECT_VERSION = 1;
				DEVELOPMENT_TEAM = QNTWKHT726;
				GENERATE_INFOPLIST_FILE = YES;
				INFOPLIST_FILE = "Project-10-12-milestone-challenge/Info.plist";
				INFOPLIST_KEY_UIApplicationSupportsIndirectInputEvents = YES;
				INFOPLIST_KEY_UILaunchStoryboardName = LaunchScreen;
				INFOPLIST_KEY_UIMainStoryboardFile = Main;
				INFOPLIST_KEY_UISupportedInterfaceOrientations_iPad = "UIInterfaceOrientationPortrait UIInterfaceOrientationPortraitUpsideDown UIInterfaceOrientationLandscapeLeft UIInterfaceOrientationLandscapeRight";
				INFOPLIST_KEY_UISupportedInterfaceOrientations_iPhone = "UIInterfaceOrientationPortrait UIInterfaceOrientationLandscapeLeft UIInterfaceOrientationLandscapeRight";
				LD_RUNPATH_SEARCH_PATHS = (
					"$(inherited)",
					"@executable_path/Frameworks",
				);
				MARKETING_VERSION = 1.0;
				PRODUCT_BUNDLE_IDENTIFIER = "cuadros.Project-10-12-milestone-challenge";
				PRODUCT_NAME = "$(TARGET_NAME)";
				SWIFT_EMIT_LOC_STRINGS = YES;
				SWIFT_VERSION = 5.0;
				TARGETED_DEVICE_FAMILY = "1,2";
			};
			name = Debug;
		};
		1BCDA3732C8A8AFF00F37725 /* Release */ = {
			isa = XCBuildConfiguration;
			buildSettings = {
				ASSETCATALOG_COMPILER_APPICON_NAME = AppIcon;
				ASSETCATALOG_COMPILER_GLOBAL_ACCENT_COLOR_NAME = AccentColor;
				CODE_SIGN_STYLE = Automatic;
				CURRENT_PROJECT_VERSION = 1;
				DEVELOPMENT_TEAM = QNTWKHT726;
				GENERATE_INFOPLIST_FILE = YES;
				INFOPLIST_FILE = "Project-10-12-milestone-challenge/Info.plist";
				INFOPLIST_KEY_UIApplicationSupportsIndirectInputEvents = YES;
				INFOPLIST_KEY_UILaunchStoryboardName = LaunchScreen;
				INFOPLIST_KEY_UIMainStoryboardFile = Main;
				INFOPLIST_KEY_UISupportedInterfaceOrientations_iPad = "UIInterfaceOrientationPortrait UIInterfaceOrientationPortraitUpsideDown UIInterfaceOrientationLandscapeLeft UIInterfaceOrientationLandscapeRight";
				INFOPLIST_KEY_UISupportedInterfaceOrientations_iPhone = "UIInterfaceOrientationPortrait UIInterfaceOrientationLandscapeLeft UIInterfaceOrientationLandscapeRight";
				LD_RUNPATH_SEARCH_PATHS = (
					"$(inherited)",
					"@executable_path/Frameworks",
				);
				MARKETING_VERSION = 1.0;
				PRODUCT_BUNDLE_IDENTIFIER = "cuadros.Project-10-12-milestone-challenge";
				PRODUCT_NAME = "$(TARGET_NAME)";
				SWIFT_EMIT_LOC_STRINGS = YES;
				SWIFT_VERSION = 5.0;
				TARGETED_DEVICE_FAMILY = "1,2";
			};
			name = Release;
		};
/* End XCBuildConfiguration section */

/* Begin XCConfigurationList section */
		1BCDA3582C8A8AFE00F37725 /* Build configuration list for PBXProject "Project-10-12-milestone-challenge" */ = {
			isa = XCConfigurationList;
			buildConfigurations = (
				1BCDA36F2C8A8AFF00F37725 /* Debug */,
				1BCDA3702C8A8AFF00F37725 /* Release */,
			);
			defaultConfigurationIsVisible = 0;
			defaultConfigurationName = Release;
		};
		1BCDA3712C8A8AFF00F37725 /* Build configuration list for PBXNativeTarget "Project-10-12-milestone-challenge" */ = {
			isa = XCConfigurationList;
			buildConfigurations = (
				1BCDA3722C8A8AFF00F37725 /* Debug */,
				1BCDA3732C8A8AFF00F37725 /* Release */,
			);
			defaultConfigurationIsVisible = 0;
			defaultConfigurationName = Release;
		};
/* End XCConfigurationList section */
	};
	rootObject = 1BCDA3552C8A8AFE00F37725 /* Project object */;
}
